
Microsoft Visual Studio Solution File, Format Version 11.00
# Visual Studio 2010
Project("{FAE04EC0-301F-11D3-BF4B-00C04F79EFBC}") = "Brandcaptcha-CLR2", "library\Brandcaptcha-CLR2.csproj", "{7D501169-F895-4F94-BEF0-15671D065DD9}"
EndProject
Project("{FAE04EC0-301F-11D3-BF4B-00C04F79EFBC}") = "Brandcaptcha.Test-CLR2", "test\Brandcaptcha.Test-CLR2.csproj", "{027EC450-3782-4806-A1FA-3D31F3DA7A63}"
EndProject
Global
	GlobalSection(SolutionConfigurationPlatforms) = preSolution
		Debug|Any CPU = Debug|Any CPU
		Release|Any CPU = Release|Any CPU
	EndGlobalSection
	GlobalSection(ProjectConfigurationPlatforms) = postSolution
		{7D501169-F895-4F94-BEF0-15671D065DD9}.Debug|Any CPU.ActiveCfg = Debug|Any CPU
		{7D501169-F895-4F94-BEF0-15671D065DD9}.Debug|Any CPU.Build.0 = Debug|Any CPU
		{7D501169-F895-4F94-BEF0-15671D065DD9}.Release|Any CPU.ActiveCfg = Release|Any CPU
		{7D501169-F895-4F94-BEF0-15671D065DD9}.Release|Any CPU.Build.0 = Release|Any CPU
		{027EC450-3782-4806-A1FA-3D31F3DA7A63}.Debug|Any CPU.ActiveCfg = Debug|Any CPU
		{027EC450-3782-4806-A1FA-3D31F3DA7A63}.Debug|Any CPU.Build.0 = Debug|Any CPU
		{027EC450-3782-4806-A1FA-3D31F3DA7A63}.Release|Any CPU.ActiveCfg = Release|Any CPU
		{027EC450-3782-4806-A1FA-3D31F3DA7A63}.Release|Any CPU.Build.0 = Release|Any CPU
	EndGlobalSection
	GlobalSection(SolutionProperties) = preSolution
		HideSolutionNode = FALSE
	EndGlobalSection
EndGlobal
